
Microsoft Visual Studio Solution File, Format Version 12.00
# Visual Studio 15
VisualStudioVersion = 15.0.28307.329
MinimumVisualStudioVersion = 10.0.40219.1
Project("{FAE04EC0-301F-11D3-BF4B-00C04F79EFBC}") = "ReadableClockTime", "ReadableClockTime.csproj", "{92EA5AD0-15A7-418F-AF54-4237BAEB5F5F}"
EndProject
Project("{FAE04EC0-301F-11D3-BF4B-00C04F79EFBC}") = "HumanarizeClockTime", "..\HumanarizeClockTime\HumanarizeClockTime.csproj", "{F3D5EB92-D371-42A0-AB45-29E7E9B2DB0E}"
EndProject
Project("{FAE04EC0-301F-11D3-BF4B-00C04F79EFBC}") = "UnitTestProject", "..\UnitTestProject\UnitTestProject.csproj", "{A45891C1-BF4E-4FFF-9456-230A152303F5}"
EndProject
Global
	GlobalSection(SolutionConfigurationPlatforms) = preSolution
		Debug|Any CPU = Debug|Any CPU
		Release|Any CPU = Release|Any CPU
	EndGlobalSection
	GlobalSection(ProjectConfigurationPlatforms) = postSolution
		{92EA5AD0-15A7-418F-AF54-4237BAEB5F5F}.Debug|Any CPU.ActiveCfg = Release|Any CPU
		{92EA5AD0-15A7-418F-AF54-4237BAEB5F5F}.Debug|Any CPU.Build.0 = Release|Any CPU
		{92EA5AD0-15A7-418F-AF54-4237BAEB5F5F}.Release|Any CPU.ActiveCfg = Release|Any CPU
		{92EA5AD0-15A7-418F-AF54-4237BAEB5F5F}.Release|Any CPU.Build.0 = Release|Any CPU
		{F3D5EB92-D371-42A0-AB45-29E7E9B2DB0E}.Debug|Any CPU.ActiveCfg = Release|Any CPU
		{F3D5EB92-D371-42A0-AB45-29E7E9B2DB0E}.Debug|Any CPU.Build.0 = Release|Any CPU
		{F3D5EB92-D371-42A0-AB45-29E7E9B2DB0E}.Release|Any CPU.ActiveCfg = Release|Any CPU
		{F3D5EB92-D371-42A0-AB45-29E7E9B2DB0E}.Release|Any CPU.Build.0 = Release|Any CPU
		{A45891C1-BF4E-4FFF-9456-230A152303F5}.Debug|Any CPU.ActiveCfg = Debug|Any CPU
		{A45891C1-BF4E-4FFF-9456-230A152303F5}.Debug|Any CPU.Build.0 = Debug|Any CPU
		{A45891C1-BF4E-4FFF-9456-230A152303F5}.Release|Any CPU.ActiveCfg = Release|Any CPU
		{A45891C1-BF4E-4FFF-9456-230A152303F5}.Release|Any CPU.Build.0 = Release|Any CPU
	EndGlobalSection
	GlobalSection(SolutionProperties) = preSolution
		HideSolutionNode = FALSE
	EndGlobalSection
	GlobalSection(ExtensibilityGlobals) = postSolution
		SolutionGuid = {5294FDF3-DAA9-4D77-840A-93A34EEDF978}
	EndGlobalSection
EndGlobal
